
Microsoft Visual Studio Solution File, Format Version 12.00
# Visual Studio Version 16
VisualStudioVersion = 16.0.31005.135
MinimumVisualStudioVersion = 10.0.40219.1
Project("{FAE04EC0-301F-11D3-BF4B-00C04F79EFBC}") = "Base2Convert", "Base2Convert.csproj", "{B26681F2-E221-401D-BC3B-743B205A3022}"
EndProject
Global
	GlobalSection(SolutionConfigurationPlatforms) = preSolution
		Debug|Any CPU = Debug|Any CPU
		Release|Any CPU = Release|Any CPU
	EndGlobalSection
	GlobalSection(ProjectConfigurationPlatforms) = postSolution
		{B26681F2-E221-401D-BC3B-743B205A3022}.Debug|Any CPU.ActiveCfg = Debug|Any CPU
		{B26681F2-E221-401D-BC3B-743B205A3022}.Debug|Any CPU.Build.0 = Debug|Any CPU
		{B26681F2-E221-401D-BC3B-743B205A3022}.Release|Any CPU.ActiveCfg = Release|Any CPU
		{B26681F2-E221-401D-BC3B-743B205A3022}.Release|Any CPU.Build.0 = Release|Any CPU
	EndGlobalSection
	GlobalSection(SolutionProperties) = preSolution
		HideSolutionNode = FALSE
	EndGlobalSection
	GlobalSection(ExtensibilityGlobals) = postSolution
		SolutionGuid = {3F5E7149-87D9-4AE3-AFFE-A4D423A3A5B9}
	EndGlobalSection
EndGlobal
